
Microsoft Visual Studio Solution File, Format Version 12.00
# Visual Studio 15
VisualStudioVersion = 15.0.27004.2005
MinimumVisualStudioVersion = 10.0.40219.1
Project("{FAE04EC0-301F-11D3-BF4B-00C04F79EFBC}") = "ForVBDLL", "ForVBDLL\ForVBDLL.csproj", "{F381AADE-448E-4867-8DAA-E3424EDB63A9}"
EndProject
Project("{FAE04EC0-301F-11D3-BF4B-00C04F79EFBC}") = "UnitTestProject1", "UnitTestProject1\UnitTestProject1.csproj", "{A82C8F0B-0A6A-46C7-BC5E-0FC47F75268C}"
EndProject
Global
	GlobalSection(SolutionConfigurationPlatforms) = preSolution
		Debug|Any CPU = Debug|Any CPU
		Release|Any CPU = Release|Any CPU
	EndGlobalSection
	GlobalSection(ProjectConfigurationPlatforms) = postSolution
		{F381AADE-448E-4867-8DAA-E3424EDB63A9}.Debug|Any CPU.ActiveCfg = Debug|Any CPU
		{F381AADE-448E-4867-8DAA-E3424EDB63A9}.Debug|Any CPU.Build.0 = Debug|Any CPU
		{F381AADE-448E-4867-8DAA-E3424EDB63A9}.Release|Any CPU.ActiveCfg = Release|Any CPU
		{F381AADE-448E-4867-8DAA-E3424EDB63A9}.Release|Any CPU.Build.0 = Release|Any CPU
		{A82C8F0B-0A6A-46C7-BC5E-0FC47F75268C}.Debug|Any CPU.ActiveCfg = Debug|Any CPU
		{A82C8F0B-0A6A-46C7-BC5E-0FC47F75268C}.Debug|Any CPU.Build.0 = Debug|Any CPU
		{A82C8F0B-0A6A-46C7-BC5E-0FC47F75268C}.Release|Any CPU.ActiveCfg = Release|Any CPU
		{A82C8F0B-0A6A-46C7-BC5E-0FC47F75268C}.Release|Any CPU.Build.0 = Release|Any CPU
	EndGlobalSection
	GlobalSection(SolutionProperties) = preSolution
		HideSolutionNode = FALSE
	EndGlobalSection
	GlobalSection(ExtensibilityGlobals) = postSolution
		SolutionGuid = {4E536A56-6F71-4C1F-8B87-8F864D0D8B7A}
	EndGlobalSection
EndGlobal
