
Microsoft Visual Studio Solution File, Format Version 12.00
# Visual Studio 15
VisualStudioVersion = 15.0.27004.2005
MinimumVisualStudioVersion = 10.0.40219.1
Project("{FAE04EC0-301F-11D3-BF4B-00C04F79EFBC}") = "WisePlugin", "ForVBDLL\WisePlugin.csproj", "{F381AADE-448E-4867-8DAA-E3424EDB63A9}"
EndProject
Project("{FAE04EC0-301F-11D3-BF4B-00C04F79EFBC}") = "UnitTestProject1", "UnitTestProject1\UnitTestProject1.csproj", "{A82C8F0B-0A6A-46C7-BC5E-0FC47F75268C}"
EndProject
Project("{FAE04EC0-301F-11D3-BF4B-00C04F79EFBC}") = "DataToWindowsService", "DataToWindowsService\DataToWindowsService.csproj", "{1D551DB1-2C65-43B2-BC91-91C2F0A3F6DD}"
EndProject
Project("{FAE04EC0-301F-11D3-BF4B-00C04F79EFBC}") = "PAServiceSocketTool", "PAServiceSocketTool\PAServiceSocketTool.csproj", "{064DC19E-9D45-45DB-B8E5-591B5D317F17}"
EndProject
Project("{FAE04EC0-301F-11D3-BF4B-00C04F79EFBC}") = "PurchaseAgentWindowsService", "PurchaseAgentWindowsService\PurchaseAgentWindowsService.csproj", "{935E7CE6-2383-4BF7-AF7F-E8550EC4A4C6}"
EndProject
Project("{FAE04EC0-301F-11D3-BF4B-00C04F79EFBC}") = "RabbitServer", "RabbitServer\RabbitServer.csproj", "{95F8BE9F-3B48-43D5-9124-16F7B80A8EDC}"
EndProject
Project("{FAE04EC0-301F-11D3-BF4B-00C04F79EFBC}") = "RabbitClient", "RabbitClient\RabbitClient.csproj", "{E8E444CB-2CFA-4934-B292-3FAB48991E9E}"
EndProject
Project("{FAE04EC0-301F-11D3-BF4B-00C04F79EFBC}") = "Purchase Agent Customer Service", "Purchase Agent Customer Service\Purchase Agent Customer Service.csproj", "{1294D67A-C29D-435A-A70A-714F98E2191F}"
EndProject
Project("{FAE04EC0-301F-11D3-BF4B-00C04F79EFBC}") = "CloudPlugin", "CloudPlugin\CloudPlugin.csproj", "{31409C28-21A0-4A93-BDB4-86B6D75154E9}"
EndProject
Global
	GlobalSection(SolutionConfigurationPlatforms) = preSolution
		Debug|Any CPU = Debug|Any CPU
		Release|Any CPU = Release|Any CPU
	EndGlobalSection
	GlobalSection(ProjectConfigurationPlatforms) = postSolution
		{F381AADE-448E-4867-8DAA-E3424EDB63A9}.Debug|Any CPU.ActiveCfg = Debug|Any CPU
		{F381AADE-448E-4867-8DAA-E3424EDB63A9}.Debug|Any CPU.Build.0 = Debug|Any CPU
		{F381AADE-448E-4867-8DAA-E3424EDB63A9}.Release|Any CPU.ActiveCfg = Release|Any CPU
		{F381AADE-448E-4867-8DAA-E3424EDB63A9}.Release|Any CPU.Build.0 = Release|Any CPU
		{A82C8F0B-0A6A-46C7-BC5E-0FC47F75268C}.Debug|Any CPU.ActiveCfg = Debug|Any CPU
		{A82C8F0B-0A6A-46C7-BC5E-0FC47F75268C}.Debug|Any CPU.Build.0 = Debug|Any CPU
		{A82C8F0B-0A6A-46C7-BC5E-0FC47F75268C}.Release|Any CPU.ActiveCfg = Release|Any CPU
		{A82C8F0B-0A6A-46C7-BC5E-0FC47F75268C}.Release|Any CPU.Build.0 = Release|Any CPU
		{1D551DB1-2C65-43B2-BC91-91C2F0A3F6DD}.Debug|Any CPU.ActiveCfg = Debug|Any CPU
		{1D551DB1-2C65-43B2-BC91-91C2F0A3F6DD}.Debug|Any CPU.Build.0 = Debug|Any CPU
		{1D551DB1-2C65-43B2-BC91-91C2F0A3F6DD}.Release|Any CPU.ActiveCfg = Release|Any CPU
		{1D551DB1-2C65-43B2-BC91-91C2F0A3F6DD}.Release|Any CPU.Build.0 = Release|Any CPU
		{064DC19E-9D45-45DB-B8E5-591B5D317F17}.Debug|Any CPU.ActiveCfg = Debug|Any CPU
		{064DC19E-9D45-45DB-B8E5-591B5D317F17}.Debug|Any CPU.Build.0 = Debug|Any CPU
		{064DC19E-9D45-45DB-B8E5-591B5D317F17}.Release|Any CPU.ActiveCfg = Release|Any CPU
		{064DC19E-9D45-45DB-B8E5-591B5D317F17}.Release|Any CPU.Build.0 = Release|Any CPU
		{935E7CE6-2383-4BF7-AF7F-E8550EC4A4C6}.Debug|Any CPU.ActiveCfg = Debug|Any CPU
		{935E7CE6-2383-4BF7-AF7F-E8550EC4A4C6}.Debug|Any CPU.Build.0 = Debug|Any CPU
		{935E7CE6-2383-4BF7-AF7F-E8550EC4A4C6}.Release|Any CPU.ActiveCfg = Release|Any CPU
		{935E7CE6-2383-4BF7-AF7F-E8550EC4A4C6}.Release|Any CPU.Build.0 = Release|Any CPU
		{95F8BE9F-3B48-43D5-9124-16F7B80A8EDC}.Debug|Any CPU.ActiveCfg = Debug|Any CPU
		{95F8BE9F-3B48-43D5-9124-16F7B80A8EDC}.Debug|Any CPU.Build.0 = Debug|Any CPU
		{95F8BE9F-3B48-43D5-9124-16F7B80A8EDC}.Release|Any CPU.ActiveCfg = Release|Any CPU
		{95F8BE9F-3B48-43D5-9124-16F7B80A8EDC}.Release|Any CPU.Build.0 = Release|Any CPU
		{E8E444CB-2CFA-4934-B292-3FAB48991E9E}.Debug|Any CPU.ActiveCfg = Debug|Any CPU
		{E8E444CB-2CFA-4934-B292-3FAB48991E9E}.Debug|Any CPU.Build.0 = Debug|Any CPU
		{E8E444CB-2CFA-4934-B292-3FAB48991E9E}.Release|Any CPU.ActiveCfg = Release|Any CPU
		{E8E444CB-2CFA-4934-B292-3FAB48991E9E}.Release|Any CPU.Build.0 = Release|Any CPU
		{1294D67A-C29D-435A-A70A-714F98E2191F}.Debug|Any CPU.ActiveCfg = Debug|Any CPU
		{1294D67A-C29D-435A-A70A-714F98E2191F}.Debug|Any CPU.Build.0 = Debug|Any CPU
		{1294D67A-C29D-435A-A70A-714F98E2191F}.Release|Any CPU.ActiveCfg = Release|Any CPU
		{1294D67A-C29D-435A-A70A-714F98E2191F}.Release|Any CPU.Build.0 = Release|Any CPU
		{31409C28-21A0-4A93-BDB4-86B6D75154E9}.Debug|Any CPU.ActiveCfg = Debug|Any CPU
		{31409C28-21A0-4A93-BDB4-86B6D75154E9}.Debug|Any CPU.Build.0 = Debug|Any CPU
		{31409C28-21A0-4A93-BDB4-86B6D75154E9}.Release|Any CPU.ActiveCfg = Release|Any CPU
		{31409C28-21A0-4A93-BDB4-86B6D75154E9}.Release|Any CPU.Build.0 = Release|Any CPU
	EndGlobalSection
	GlobalSection(SolutionProperties) = preSolution
		HideSolutionNode = FALSE
	EndGlobalSection
	GlobalSection(ExtensibilityGlobals) = postSolution
		SolutionGuid = {4E536A56-6F71-4C1F-8B87-8F864D0D8B7A}
	EndGlobalSection
EndGlobal
